// !$*UTF8*$!
{
	archiveVersion = 1;
	classes = {
	};
	objectVersion = 56;
	objects = {

/* Begin PBXBuildFile section */
		39E32EC82C8269B400FEB4D9 /* testFirebaseIOSApp.swift in Sources */ = {isa = PBXBuildFile; fileRef = 39E32EC72C8269B400FEB4D9 /* testFirebaseIOSApp.swift */; };
		39E32ECA2C8269B400FEB4D9 /* ContentView.swift in Sources */ = {isa = PBXBuildFile; fileRef = 39E32EC92C8269B400FEB4D9 /* ContentView.swift */; };
		39E32ECC2C8269B500FEB4D9 /* Assets.xcassets in Resources */ = {isa = PBXBuildFile; fileRef = 39E32ECB2C8269B500FEB4D9 /* Assets.xcassets */; };
		39E32ECF2C8269B500FEB4D9 /* Preview Assets.xcassets in Resources */ = {isa = PBXBuildFile; fileRef = 39E32ECE2C8269B500FEB4D9 /* Preview Assets.xcassets */; };
		39E32ED92C8269B500FEB4D9 /* testFirebaseIOSTests.swift in Sources */ = {isa = PBXBuildFile; fileRef = 39E32ED82C8269B500FEB4D9 /* testFirebaseIOSTests.swift */; };
		39E32EE32C8269B500FEB4D9 /* testFirebaseIOSUITests.swift in Sources */ = {isa = PBXBuildFile; fileRef = 39E32EE22C8269B500FEB4D9 /* testFirebaseIOSUITests.swift */; };
		39E32EE52C8269B500FEB4D9 /* testFirebaseIOSUITestsLaunchTests.swift in Sources */ = {isa = PBXBuildFile; fileRef = 39E32EE42C8269B500FEB4D9 /* testFirebaseIOSUITestsLaunchTests.swift */; };
		39E32EFF2C84ACB800FEB4D9 /* GoogleService-Info.plist in Resources */ = {isa = PBXBuildFile; fileRef = 39E32EFE2C84ACB800FEB4D9 /* GoogleService-Info.plist */; };
		39E32F022C84AD4500FEB4D9 /* FirebaseAuth in Frameworks */ = {isa = PBXBuildFile; productRef = 39E32F012C84AD4500FEB4D9 /* FirebaseAuth */; };
		39E32F042C84AD4500FEB4D9 /* FirebaseCrashlytics in Frameworks */ = {isa = PBXBuildFile; productRef = 39E32F032C84AD4500FEB4D9 /* FirebaseCrashlytics */; };
		39E32F062C84AD4500FEB4D9 /* FirebaseDatabase in Frameworks */ = {isa = PBXBuildFile; productRef = 39E32F052C84AD4500FEB4D9 /* FirebaseDatabase */; };
		39E32F082C84AD4500FEB4D9 /* FirebaseFirestore in Frameworks */ = {isa = PBXBuildFile; productRef = 39E32F072C84AD4500FEB4D9 /* FirebaseFirestore */; };
/* End PBXBuildFile section */

/* Begin PBXContainerItemProxy section */
		39E32ED52C8269B500FEB4D9 /* PBXContainerItemProxy */ = {
			isa = PBXContainerItemProxy;
			containerPortal = 39E32EBC2C8269B400FEB4D9 /* Project object */;
			proxyType = 1;
			remoteGlobalIDString = 39E32EC32C8269B400FEB4D9;
			remoteInfo = testFirebaseIOS;
		};
		39E32EDF2C8269B500FEB4D9 /* PBXContainerItemProxy */ = {
			isa = PBXContainerItemProxy;
			containerPortal = 39E32EBC2C8269B400FEB4D9 /* Project object */;
			proxyType = 1;
			remoteGlobalIDString = 39E32EC32C8269B400FEB4D9;
			remoteInfo = testFirebaseIOS;
		};
/* End PBXContainerItemProxy section */

/* Begin PBXFileReference section */
		39E32EC42C8269B400FEB4D9 /* testFirebaseIOS.app */ = {isa = PBXFileReference; explicitFileType = wrapper.application; includeInIndex = 0; path = testFirebaseIOS.app; sourceTree = BUILT_PRODUCTS_DIR; };
		39E32EC72C8269B400FEB4D9 /* testFirebaseIOSApp.swift */ = {isa = PBXFileReference; lastKnownFileType = sourcecode.swift; path = testFirebaseIOSApp.swift; sourceTree = "<group>"; };
		39E32EC92C8269B400FEB4D9 /* ContentView.swift */ = {isa = PBXFileReference; lastKnownFileType = sourcecode.swift; path = ContentView.swift; sourceTree = "<group>"; };
		39E32ECB2C8269B500FEB4D9 /* Assets.xcassets */ = {isa = PBXFileReference; lastKnownFileType = folder.assetcatalog; path = Assets.xcassets; sourceTree = "<group>"; };
		39E32ECE2C8269B500FEB4D9 /* Preview Assets.xcassets */ = {isa = PBXFileReference; lastKnownFileType = folder.assetcatalog; path = "Preview Assets.xcassets"; sourceTree = "<group>"; };
		39E32ED42C8269B500FEB4D9 /* testFirebaseIOSTests.xctest */ = {isa = PBXFileReference; explicitFileType = wrapper.cfbundle; includeInIndex = 0; path = testFirebaseIOSTests.xctest; sourceTree = BUILT_PRODUCTS_DIR; };
		39E32ED82C8269B500FEB4D9 /* testFirebaseIOSTests.swift */ = {isa = PBXFileReference; lastKnownFileType = sourcecode.swift; path = testFirebaseIOSTests.swift; sourceTree = "<group>"; };
		39E32EDE2C8269B500FEB4D9 /* testFirebaseIOSUITests.xctest */ = {isa = PBXFileReference; explicitFileType = wrapper.cfbundle; includeInIndex = 0; path = testFirebaseIOSUITests.xctest; sourceTree = BUILT_PRODUCTS_DIR; };
		39E32EE22C8269B500FEB4D9 /* testFirebaseIOSUITests.swift */ = {isa = PBXFileReference; lastKnownFileType = sourcecode.swift; path = testFirebaseIOSUITests.swift; sourceTree = "<group>"; };
		39E32EE42C8269B500FEB4D9 /* testFirebaseIOSUITestsLaunchTests.swift */ = {isa = PBXFileReference; lastKnownFileType = sourcecode.swift; path = testFirebaseIOSUITestsLaunchTests.swift; sourceTree = "<group>"; };
		39E32EFE2C84ACB800FEB4D9 /* GoogleService-Info.plist */ = {isa = PBXFileReference; fileEncoding = 4; lastKnownFileType = text.plist.xml; path = "GoogleService-Info.plist"; sourceTree = "<group>"; };
/* End PBXFileReference section */

/* Begin PBXFrameworksBuildPhase section */
		39E32EC12C8269B400FEB4D9 /* Frameworks */ = {
			isa = PBXFrameworksBuildPhase;
			buildActionMask = 2147483647;
			files = (
				39E32F062C84AD4500FEB4D9 /* FirebaseDatabase in Frameworks */,
				39E32F082C84AD4500FEB4D9 /* FirebaseFirestore in Frameworks */,
				39E32F022C84AD4500FEB4D9 /* FirebaseAuth in Frameworks */,
				39E32F042C84AD4500FEB4D9 /* FirebaseCrashlytics in Frameworks */,
			);
			runOnlyForDeploymentPostprocessing = 0;
		};
		39E32ED12C8269B500FEB4D9 /* Frameworks */ = {
			isa = PBXFrameworksBuildPhase;
			buildActionMask = 2147483647;
			files = (
			);
			runOnlyForDeploymentPostprocessing = 0;
		};
		39E32EDB2C8269B500FEB4D9 /* Frameworks */ = {
			isa = PBXFrameworksBuildPhase;
			buildActionMask = 2147483647;
			files = (
			);
			runOnlyForDeploymentPostprocessing = 0;
		};
/* End PBXFrameworksBuildPhase section */

/* Begin PBXGroup section */
		39E32EBB2C8269B400FEB4D9 = {
			isa = PBXGroup;
			children = (
				39E32EC62C8269B400FEB4D9 /* testFirebaseIOS */,
				39E32ED72C8269B500FEB4D9 /* testFirebaseIOSTests */,
				39E32EE12C8269B500FEB4D9 /* testFirebaseIOSUITests */,
				39E32EC52C8269B400FEB4D9 /* Products */,
			);
			sourceTree = "<group>";
		};
		39E32EC52C8269B400FEB4D9 /* Products */ = {
			isa = PBXGroup;
			children = (
				39E32EC42C8269B400FEB4D9 /* testFirebaseIOS.app */,
				39E32ED42C8269B500FEB4D9 /* testFirebaseIOSTests.xctest */,
				39E32EDE2C8269B500FEB4D9 /* testFirebaseIOSUITests.xctest */,
			);
			name = Products;
			sourceTree = "<group>";
		};
		39E32EC62C8269B400FEB4D9 /* testFirebaseIOS */ = {
			isa = PBXGroup;
			children = (
				39E32EC72C8269B400FEB4D9 /* testFirebaseIOSApp.swift */,
				39E32EC92C8269B400FEB4D9 /* ContentView.swift */,
				39E32ECB2C8269B500FEB4D9 /* Assets.xcassets */,
				39E32EFE2C84ACB800FEB4D9 /* GoogleService-Info.plist */,
				39E32ECD2C8269B500FEB4D9 /* Preview Content */,
			);
			path = testFirebaseIOS;
			sourceTree = "<group>";
		};
		39E32ECD2C8269B500FEB4D9 /* Preview Content */ = {
			isa = PBXGroup;
			children = (
				39E32ECE2C8269B500FEB4D9 /* Preview Assets.xcassets */,
			);
			path = "Preview Content";
			sourceTree = "<group>";
		};
		39E32ED72C8269B500FEB4D9 /* testFirebaseIOSTests */ = {
			isa = PBXGroup;
			children = (
				39E32ED82C8269B500FEB4D9 /* testFirebaseIOSTests.swift */,
			);
			path = testFirebaseIOSTests;
			sourceTree = "<group>";
		};
		39E32EE12C8269B500FEB4D9 /* testFirebaseIOSUITests */ = {
			isa = PBXGroup;
			children = (
				39E32EE22C8269B500FEB4D9 /* testFirebaseIOSUITests.swift */,
				39E32EE42C8269B500FEB4D9 /* testFirebaseIOSUITestsLaunchTests.swift */,
			);
			path = testFirebaseIOSUITests;
			sourceTree = "<group>";
		};
/* End PBXGroup section */

/* Begin PBXNativeTarget section */
		39E32EC32C8269B400FEB4D9 /* testFirebaseIOS */ = {
			isa = PBXNativeTarget;
			buildConfigurationList = 39E32EE82C8269B500FEB4D9 /* Build configuration list for PBXNativeTarget "testFirebaseIOS" */;
			buildPhases = (
				39E32EC02C8269B400FEB4D9 /* Sources */,
				39E32EC12C8269B400FEB4D9 /* Frameworks */,
				39E32EC22C8269B400FEB4D9 /* Resources */,
			);
			buildRules = (
			);
			dependencies = (
			);
			name = testFirebaseIOS;
			packageProductDependencies = (
				39E32F012C84AD4500FEB4D9 /* FirebaseAuth */,
				39E32F032C84AD4500FEB4D9 /* FirebaseCrashlytics */,
				39E32F052C84AD4500FEB4D9 /* FirebaseDatabase */,
				39E32F072C84AD4500FEB4D9 /* FirebaseFirestore */,
			);
			productName = testFirebaseIOS;
			productReference = 39E32EC42C8269B400FEB4D9 /* testFirebaseIOS.app */;
			productType = "com.apple.product-type.application";
		};
		39E32ED32C8269B500FEB4D9 /* testFirebaseIOSTests */ = {
			isa = PBXNativeTarget;
			buildConfigurationList = 39E32EEB2C8269B500FEB4D9 /* Build configuration list for PBXNativeTarget "testFirebaseIOSTests" */;
			buildPhases = (
				39E32ED02C8269B500FEB4D9 /* Sources */,
				39E32ED12C8269B500FEB4D9 /* Frameworks */,
				39E32ED22C8269B500FEB4D9 /* Resources */,
			);
			buildRules = (
			);
			dependencies = (
				39E32ED62C8269B500FEB4D9 /* PBXTargetDependency */,
			);
			name = testFirebaseIOSTests;
			productName = testFirebaseIOSTests;
			productReference = 39E32ED42C8269B500FEB4D9 /* testFirebaseIOSTests.xctest */;
			productType = "com.apple.product-type.bundle.unit-test";
		};
		39E32EDD2C8269B500FEB4D9 /* testFirebaseIOSUITests */ = {
			isa = PBXNativeTarget;
			buildConfigurationList = 39E32EEE2C8269B500FEB4D9 /* Build configuration list for PBXNativeTarget "testFirebaseIOSUITests" */;
			buildPhases = (
				39E32EDA2C8269B500FEB4D9 /* Sources */,
				39E32EDB2C8269B500FEB4D9 /* Frameworks */,
				39E32EDC2C8269B500FEB4D9 /* Resources */,
			);
			buildRules = (
			);
			dependencies = (
				39E32EE02C8269B500FEB4D9 /* PBXTargetDependency */,
			);
			name = testFirebaseIOSUITests;
			productName = testFirebaseIOSUITests;
			productReference = 39E32EDE2C8269B500FEB4D9 /* testFirebaseIOSUITests.xctest */;
			productType = "com.apple.product-type.bundle.ui-testing";
		};
/* End PBXNativeTarget section */

/* Begin PBXProject section */
		39E32EBC2C8269B400FEB4D9 /* Project object */ = {
			isa = PBXProject;
			attributes = {
				BuildIndependentTargetsInParallel = 1;
				LastSwiftUpdateCheck = 1540;
				LastUpgradeCheck = 1540;
				TargetAttributes = {
					39E32EC32C8269B400FEB4D9 = {
						CreatedOnToolsVersion = 15.4;
					};
					39E32ED32C8269B500FEB4D9 = {
						CreatedOnToolsVersion = 15.4;
						TestTargetID = 39E32EC32C8269B400FEB4D9;
					};
					39E32EDD2C8269B500FEB4D9 = {
						CreatedOnToolsVersion = 15.4;
						TestTargetID = 39E32EC32C8269B400FEB4D9;
					};
				};
			};
			buildConfigurationList = 39E32EBF2C8269B400FEB4D9 /* Build configuration list for PBXProject "testFirebaseIOS" */;
			compatibilityVersion = "Xcode 14.0";
			developmentRegion = en;
			hasScannedForEncodings = 0;
			knownRegions = (
				en,
				Base,
			);
			mainGroup = 39E32EBB2C8269B400FEB4D9;
			packageReferences = (
				39E32F002C84AD4500FEB4D9 /* XCRemoteSwiftPackageReference "firebase-ios-sdk" */,
			);
			productRefGroup = 39E32EC52C8269B400FEB4D9 /* Products */;
			projectDirPath = "";
			projectRoot = "";
			targets = (
				39E32EC32C8269B400FEB4D9 /* testFirebaseIOS */,
				39E32ED32C8269B500FEB4D9 /* testFirebaseIOSTests */,
				39E32EDD2C8269B500FEB4D9 /* testFirebaseIOSUITests */,
			);
		};
/* End PBXProject section */

/* Begin PBXResourcesBuildPhase section */
		39E32EC22C8269B400FEB4D9 /* Resources */ = {
			isa = PBXResourcesBuildPhase;
			buildActionMask = 2147483647;
			files = (
				39E32ECF2C8269B500FEB4D9 /* Preview Assets.xcassets in Resources */,
				39E32EFF2C84ACB800FEB4D9 /* GoogleService-Info.plist in Resources */,
				39E32ECC2C8269B500FEB4D9 /* Assets.xcassets in Resources */,
			);
			runOnlyForDeploymentPostprocessing = 0;
		};
		39E32ED22C8269B500FEB4D9 /* Resources */ = {
			isa = PBXResourcesBuildPhase;
			buildActionMask = 2147483647;
			files = (
			);
			runOnlyForDeploymentPostprocessing = 0;
		};
		39E32EDC2C8269B500FEB4D9 /* Resources */ = {
			isa = PBXResourcesBuildPhase;
			buildActionMask = 2147483647;
			files = (
			);
			runOnlyForDeploymentPostprocessing = 0;
		};
/* End PBXResourcesBuildPhase section */

/* Begin PBXSourcesBuildPhase section */
		39E32EC02C8269B400FEB4D9 /* Sources */ = {
			isa = PBXSourcesBuildPhase;
			buildActionMask = 2147483647;
			files = (
				39E32ECA2C8269B400FEB4D9 /* ContentView.swift in Sources */,
				39E32EC82C8269B400FEB4D9 /* testFirebaseIOSApp.swift in Sources */,
			);
			runOnlyForDeploymentPostprocessing = 0;
		};
		39E32ED02C8269B500FEB4D9 /* Sources */ = {
			isa = PBXSourcesBuildPhase;
			buildActionMask = 2147483647;
			files = (
				39E32ED92C8269B500FEB4D9 /* testFirebaseIOSTests.swift in Sources */,
			);
			runOnlyForDeploymentPostprocessing = 0;
		};
		39E32EDA2C8269B500FEB4D9 /* Sources */ = {
			isa = PBXSourcesBuildPhase;
			buildActionMask = 2147483647;
			files = (
				39E32EE32C8269B500FEB4D9 /* testFirebaseIOSUITests.swift in Sources */,
				39E32EE52C8269B500FEB4D9 /* testFirebaseIOSUITestsLaunchTests.swift in Sources */,
			);
			runOnlyForDeploymentPostprocessing = 0;
		};
/* End PBXSourcesBuildPhase section */

/* Begin PBXTargetDependency section */
		39E32ED62C8269B500FEB4D9 /* PBXTargetDependency */ = {
			isa = PBXTargetDependency;
			target = 39E32EC32C8269B400FEB4D9 /* testFirebaseIOS */;
			targetProxy = 39E32ED52C8269B500FEB4D9 /* PBXContainerItemProxy */;
		};
		39E32EE02C8269B500FEB4D9 /* PBXTargetDependency */ = {
			isa = PBXTargetDependency;
			target = 39E32EC32C8269B400FEB4D9 /* testFirebaseIOS */;
			targetProxy = 39E32EDF2C8269B500FEB4D9 /* PBXContainerItemProxy */;
		};
/* End PBXTargetDependency section */

/* Begin XCBuildConfiguration section */
		39E32EE62C8269B500FEB4D9 /* Debug */ = {
			isa = XCBuildConfiguration;
			buildSettings = {
				ALWAYS_SEARCH_USER_PATHS = NO;
				ASSETCATALOG_COMPILER_GENERATE_SWIFT_ASSET_SYMBOL_EXTENSIONS = YES;
				CLANG_ANALYZER_NONNULL = YES;
				CLANG_ANALYZER_NUMBER_OBJECT_CONVERSION = YES_AGGRESSIVE;
				CLANG_CXX_LANGUAGE_STANDARD = "gnu++20";
				CLANG_ENABLE_MODULES = YES;
				CLANG_ENABLE_OBJC_ARC = YES;
				CLANG_ENABLE_OBJC_WEAK = YES;
				CLANG_WARN_BLOCK_CAPTURE_AUTORELEASING = YES;
				CLANG_WARN_BOOL_CONVERSION = YES;
				CLANG_WARN_COMMA = YES;
				CLANG_WARN_CONSTANT_CONVERSION = YES;
				CLANG_WARN_DEPRECATED_OBJC_IMPLEMENTATIONS = YES;
				CLANG_WARN_DIRECT_OBJC_ISA_USAGE = YES_ERROR;
				CLANG_WARN_DOCUMENTATION_COMMENTS = YES;
				CLANG_WARN_EMPTY_BODY = YES;
				CLANG_WARN_ENUM_CONVERSION = YES;
				CLANG_WARN_INFINITE_RECURSION = YES;
				CLANG_WARN_INT_CONVERSION = YES;
				CLANG_WARN_NON_LITERAL_NULL_CONVERSION = YES;
				CLANG_WARN_OBJC_IMPLICIT_RETAIN_SELF = YES;
				CLANG_WARN_OBJC_LITERAL_CONVERSION = YES;
				CLANG_WARN_OBJC_ROOT_CLASS = YES_ERROR;
				CLANG_WARN_QUOTED_INCLUDE_IN_FRAMEWORK_HEADER = YES;
				CLANG_WARN_RANGE_LOOP_ANALYSIS = YES;
				CLANG_WARN_STRICT_PROTOTYPES = YES;
				CLANG_WARN_SUSPICIOUS_MOVE = YES;
				CLANG_WARN_UNGUARDED_AVAILABILITY = YES_AGGRESSIVE;
				CLANG_WARN_UNREACHABLE_CODE = YES;
				CLANG_WARN__DUPLICATE_METHOD_MATCH = YES;
				COPY_PHASE_STRIP = NO;
				DEBUG_INFORMATION_FORMAT = dwarf;
				ENABLE_STRICT_OBJC_MSGSEND = YES;
				ENABLE_TESTABILITY = YES;
				ENABLE_USER_SCRIPT_SANDBOXING = YES;
				GCC_C_LANGUAGE_STANDARD = gnu17;
				GCC_DYNAMIC_NO_PIC = NO;
				GCC_NO_COMMON_BLOCKS = YES;
				GCC_OPTIMIZATION_LEVEL = 0;
				GCC_PREPROCESSOR_DEFINITIONS = (
					"DEBUG=1",
					"$(inherited)",
				);
				GCC_WARN_64_TO_32_BIT_CONVERSION = YES;
				GCC_WARN_ABOUT_RETURN_TYPE = YES_ERROR;
				GCC_WARN_UNDECLARED_SELECTOR = YES;
				GCC_WARN_UNINITIALIZED_AUTOS = YES_AGGRESSIVE;
				GCC_WARN_UNUSED_FUNCTION = YES;
				GCC_WARN_UNUSED_VARIABLE = YES;
				IPHONEOS_DEPLOYMENT_TARGET = 17.5;
				LOCALIZATION_PREFERS_STRING_CATALOGS = YES;
				MTL_ENABLE_DEBUG_INFO = INCLUDE_SOURCE;
				MTL_FAST_MATH = YES;
				ONLY_ACTIVE_ARCH = YES;
				SDKROOT = iphoneos;
				SWIFT_ACTIVE_COMPILATION_CONDITIONS = "DEBUG $(inherited)";
				SWIFT_OPTIMIZATION_LEVEL = "-Onone";
			};
			name = Debug;
		};
		39E32EE72C8269B500FEB4D9 /* Release */ = {
			isa = XCBuildConfiguration;
			buildSettings = {
				ALWAYS_SEARCH_USER_PATHS = NO;
				ASSETCATALOG_COMPILER_GENERATE_SWIFT_ASSET_SYMBOL_EXTENSIONS = YES;
				CLANG_ANALYZER_NONNULL = YES;
				CLANG_ANALYZER_NUMBER_OBJECT_CONVERSION = YES_AGGRESSIVE;
				CLANG_CXX_LANGUAGE_STANDARD = "gnu++20";
				CLANG_ENABLE_MODULES = YES;
				CLANG_ENABLE_OBJC_ARC = YES;
				CLANG_ENABLE_OBJC_WEAK = YES;
				CLANG_WARN_BLOCK_CAPTURE_AUTORELEASING = YES;
				CLANG_WARN_BOOL_CONVERSION = YES;
				CLANG_WARN_COMMA = YES;
				CLANG_WARN_CONSTANT_CONVERSION = YES;
				CLANG_WARN_DEPRECATED_OBJC_IMPLEMENTATIONS = YES;
				CLANG_WARN_DIRECT_OBJC_ISA_USAGE = YES_ERROR;
				CLANG_WARN_DOCUMENTATION_COMMENTS = YES;
				CLANG_WARN_EMPTY_BODY = YES;
				CLANG_WARN_ENUM_CONVERSION = YES;
				CLANG_WARN_INFINITE_RECURSION = YES;
				CLANG_WARN_INT_CONVERSION = YES;
				CLANG_WARN_NON_LITERAL_NULL_CONVERSION = YES;
				CLANG_WARN_OBJC_IMPLICIT_RETAIN_SELF = YES;
				CLANG_WARN_OBJC_LITERAL_CONVERSION = YES;
				CLANG_WARN_OBJC_ROOT_CLASS = YES_ERROR;
				CLANG_WARN_QUOTED_INCLUDE_IN_FRAMEWORK_HEADER = YES;
				CLANG_WARN_RANGE_LOOP_ANALYSIS = YES;
				CLANG_WARN_STRICT_PROTOTYPES = YES;
				CLANG_WARN_SUSPICIOUS_MOVE = YES;
				CLANG_WARN_UNGUARDED_AVAILABILITY = YES_AGGRESSIVE;
				CLANG_WARN_UNREACHABLE_CODE = YES;
				CLANG_WARN__DUPLICATE_METHOD_MATCH = YES;
				COPY_PHASE_STRIP = NO;
				DEBUG_INFORMATION_FORMAT = "dwarf-with-dsym";
				ENABLE_NS_ASSERTIONS = NO;
				ENABLE_STRICT_OBJC_MSGSEND = YES;
				ENABLE_USER_SCRIPT_SANDBOXING = YES;
				GCC_C_LANGUAGE_STANDARD = gnu17;
				GCC_NO_COMMON_BLOCKS = YES;
				GCC_WARN_64_TO_32_BIT_CONVERSION = YES;
				GCC_WARN_ABOUT_RETURN_TYPE = YES_ERROR;
				GCC_WARN_UNDECLARED_SELECTOR = YES;
				GCC_WARN_UNINITIALIZED_AUTOS = YES_AGGRESSIVE;
				GCC_WARN_UNUSED_FUNCTION = YES;
				GCC_WARN_UNUSED_VARIABLE = YES;
				IPHONEOS_DEPLOYMENT_TARGET = 17.5;
				LOCALIZATION_PREFERS_STRING_CATALOGS = YES;
				MTL_ENABLE_DEBUG_INFO = NO;
				MTL_FAST_MATH = YES;
				SDKROOT = iphoneos;
				SWIFT_COMPILATION_MODE = wholemodule;
				VALIDATE_PRODUCT = YES;
			};
			name = Release;
		};
		39E32EE92C8269B500FEB4D9 /* Debug */ = {
			isa = XCBuildConfiguration;
			buildSettings = {
				ASSETCATALOG_COMPILER_APPICON_NAME = AppIcon;
				ASSETCATALOG_COMPILER_GLOBAL_ACCENT_COLOR_NAME = AccentColor;
				CODE_SIGN_STYLE = Automatic;
				CURRENT_PROJECT_VERSION = 1;
				DEVELOPMENT_ASSET_PATHS = "\"testFirebaseIOS/Preview Content\"";
				ENABLE_PREVIEWS = YES;
				GENERATE_INFOPLIST_FILE = YES;
				INFOPLIST_KEY_UIApplicationSceneManifest_Generation = YES;
				INFOPLIST_KEY_UIApplicationSupportsIndirectInputEvents = YES;
				INFOPLIST_KEY_UILaunchScreen_Generation = YES;
				INFOPLIST_KEY_UISupportedInterfaceOrientations_iPad = "UIInterfaceOrientationPortrait UIInterfaceOrientationPortraitUpsideDown UIInterfaceOrientationLandscapeLeft UIInterfaceOrientationLandscapeRight";
				INFOPLIST_KEY_UISupportedInterfaceOrientations_iPhone = "UIInterfaceOrientationPortrait UIInterfaceOrientationLandscapeLeft UIInterfaceOrientationLandscapeRight";
				LD_RUNPATH_SEARCH_PATHS = (
					"$(inherited)",
					"@executable_path/Frameworks",
				);
				MARKETING_VERSION = 1.0;
				PRODUCT_BUNDLE_IDENTIFIER = td.refonte.testFirebaseIOS;
				PRODUCT_NAME = "$(TARGET_NAME)";
				SWIFT_EMIT_LOC_STRINGS = YES;
				SWIFT_VERSION = 5.0;
				TARGETED_DEVICE_FAMILY = "1,2";
			};
			name = Debug;
		};
		39E32EEA2C8269B500FEB4D9 /* Release */ = {
			isa = XCBuildConfiguration;
			buildSettings = {
				ASSETCATALOG_COMPILER_APPICON_NAME = AppIcon;
				ASSETCATALOG_COMPILER_GLOBAL_ACCENT_COLOR_NAME = AccentColor;
				CODE_SIGN_STYLE = Automatic;
				CURRENT_PROJECT_VERSION = 1;
				DEVELOPMENT_ASSET_PATHS = "\"testFirebaseIOS/Preview Content\"";
				ENABLE_PREVIEWS = YES;
				GENERATE_INFOPLIST_FILE = YES;
				INFOPLIST_KEY_UIApplicationSceneManifest_Generation = YES;
				INFOPLIST_KEY_UIApplicationSupportsIndirectInputEvents = YES;
				INFOPLIST_KEY_UILaunchScreen_Generation = YES;
				INFOPLIST_KEY_UISupportedInterfaceOrientations_iPad = "UIInterfaceOrientationPortrait UIInterfaceOrientationPortraitUpsideDown UIInterfaceOrientationLandscapeLeft UIInterfaceOrientationLandscapeRight";
				INFOPLIST_KEY_UISupportedInterfaceOrientations_iPhone = "UIInterfaceOrientationPortrait UIInterfaceOrientationLandscapeLeft UIInterfaceOrientationLandscapeRight";
				LD_RUNPATH_SEARCH_PATHS = (
					"$(inherited)",
					"@executable_path/Frameworks",
				);
				MARKETING_VERSION = 1.0;
				PRODUCT_BUNDLE_IDENTIFIER = td.refonte.testFirebaseIOS;
				PRODUCT_NAME = "$(TARGET_NAME)";
				SWIFT_EMIT_LOC_STRINGS = YES;
				SWIFT_VERSION = 5.0;
				TARGETED_DEVICE_FAMILY = "1,2";
			};
			name = Release;
		};
		39E32EEC2C8269B500FEB4D9 /* Debug */ = {
			isa = XCBuildConfiguration;
			buildSettings = {
				ALWAYS_EMBED_SWIFT_STANDARD_LIBRARIES = YES;
				BUNDLE_LOADER = "$(TEST_HOST)";
				CODE_SIGN_STYLE = Automatic;
				CURRENT_PROJECT_VERSION = 1;
				GENERATE_INFOPLIST_FILE = YES;
				IPHONEOS_DEPLOYMENT_TARGET = 17.5;
				MARKETING_VERSION = 1.0;
				PRODUCT_BUNDLE_IDENTIFIER = td.refonte.testFirebaseIOSTests;
				PRODUCT_NAME = "$(TARGET_NAME)";
				SWIFT_EMIT_LOC_STRINGS = NO;
				SWIFT_VERSION = 5.0;
				TARGETED_DEVICE_FAMILY = "1,2";
				TEST_HOST = "$(BUILT_PRODUCTS_DIR)/testFirebaseIOS.app/$(BUNDLE_EXECUTABLE_FOLDER_PATH)/testFirebaseIOS";
			};
			name = Debug;
		};
		39E32EED2C8269B500FEB4D9 /* Release */ = {
			isa = XCBuildConfiguration;
			buildSettings = {
				ALWAYS_EMBED_SWIFT_STANDARD_LIBRARIES = YES;
				BUNDLE_LOADER = "$(TEST_HOST)";
				CODE_SIGN_STYLE = Automatic;
				CURRENT_PROJECT_VERSION = 1;
				GENERATE_INFOPLIST_FILE = YES;
				IPHONEOS_DEPLOYMENT_TARGET = 17.5;
				MARKETING_VERSION = 1.0;
				PRODUCT_BUNDLE_IDENTIFIER = td.refonte.testFirebaseIOSTests;
				PRODUCT_NAME = "$(TARGET_NAME)";
				SWIFT_EMIT_LOC_STRINGS = NO;
				SWIFT_VERSION = 5.0;
				TARGETED_DEVICE_FAMILY = "1,2";
				TEST_HOST = "$(BUILT_PRODUCTS_DIR)/testFirebaseIOS.app/$(BUNDLE_EXECUTABLE_FOLDER_PATH)/testFirebaseIOS";
			};
			name = Release;
		};
		39E32EEF2C8269B500FEB4D9 /* Debug */ = {
			isa = XCBuildConfiguration;
			buildSettings = {
				ALWAYS_EMBED_SWIFT_STANDARD_LIBRARIES = YES;
				CODE_SIGN_STYLE = Automatic;
				CURRENT_PROJECT_VERSION = 1;
				GENERATE_INFOPLIST_FILE = YES;
				MARKETING_VERSION = 1.0;
				PRODUCT_BUNDLE_IDENTIFIER = td.refonte.testFirebaseIOSUITests;
				PRODUCT_NAME = "$(TARGET_NAME)";
				SWIFT_EMIT_LOC_STRINGS = NO;
				SWIFT_VERSION = 5.0;
				TARGETED_DEVICE_FAMILY = "1,2";
				TEST_TARGET_NAME = testFirebaseIOS;
			};
			name = Debug;
		};
		39E32EF02C8269B500FEB4D9 /* Release */ = {
			isa = XCBuildConfiguration;
			buildSettings = {
				ALWAYS_EMBED_SWIFT_STANDARD_LIBRARIES = YES;
				CODE_SIGN_STYLE = Automatic;
				CURRENT_PROJECT_VERSION = 1;
				GENERATE_INFOPLIST_FILE = YES;
				MARKETING_VERSION = 1.0;
				PRODUCT_BUNDLE_IDENTIFIER = td.refonte.testFirebaseIOSUITests;
				PRODUCT_NAME = "$(TARGET_NAME)";
				SWIFT_EMIT_LOC_STRINGS = NO;
				SWIFT_VERSION = 5.0;
				TARGETED_DEVICE_FAMILY = "1,2";
				TEST_TARGET_NAME = testFirebaseIOS;
			};
			name = Release;
		};
/* End XCBuildConfiguration section */

/* Begin XCConfigurationList section */
		39E32EBF2C8269B400FEB4D9 /* Build configuration list for PBXProject "testFirebaseIOS" */ = {
			isa = XCConfigurationList;
			buildConfigurations = (
				39E32EE62C8269B500FEB4D9 /* Debug */,
				39E32EE72C8269B500FEB4D9 /* Release */,
			);
			defaultConfigurationIsVisible = 0;
			defaultConfigurationName = Release;
		};
		39E32EE82C8269B500FEB4D9 /* Build configuration list for PBXNativeTarget "testFirebaseIOS" */ = {
			isa = XCConfigurationList;
			buildConfigurations = (
				39E32EE92C8269B500FEB4D9 /* Debug */,
				39E32EEA2C8269B500FEB4D9 /* Release */,
			);
			defaultConfigurationIsVisible = 0;
			defaultConfigurationName = Release;
		};
		39E32EEB2C8269B500FEB4D9 /* Build configuration list for PBXNativeTarget "testFirebaseIOSTests" */ = {
			isa = XCConfigurationList;
			buildConfigurations = (
				39E32EEC2C8269B500FEB4D9 /* Debug */,
				39E32EED2C8269B500FEB4D9 /* Release */,
			);
			defaultConfigurationIsVisible = 0;
			defaultConfigurationName = Release;
		};
		39E32EEE2C8269B500FEB4D9 /* Build configuration list for PBXNativeTarget "testFirebaseIOSUITests" */ = {
			isa = XCConfigurationList;
			buildConfigurations = (
				39E32EEF2C8269B500FEB4D9 /* Debug */,
				39E32EF02C8269B500FEB4D9 /* Release */,
			);
			defaultConfigurationIsVisible = 0;
			defaultConfigurationName = Release;
		};
/* End XCConfigurationList section */

/* Begin XCRemoteSwiftPackageReference section */
		39E32F002C84AD4500FEB4D9 /* XCRemoteSwiftPackageReference "firebase-ios-sdk" */ = {
			isa = XCRemoteSwiftPackageReference;
			repositoryURL = "https://github.com/firebase/firebase-ios-sdk.git";
			requirement = {
				kind = upToNextMajorVersion;
				minimumVersion = 11.1.0;
			};
		};
/* End XCRemoteSwiftPackageReference section */

/* Begin XCSwiftPackageProductDependency section */
		39E32F012C84AD4500FEB4D9 /* FirebaseAuth */ = {
			isa = XCSwiftPackageProductDependency;
			package = 39E32F002C84AD4500FEB4D9 /* XCRemoteSwiftPackageReference "firebase-ios-sdk" */;
			productName = FirebaseAuth;
		};
		39E32F032C84AD4500FEB4D9 /* FirebaseCrashlytics */ = {
			isa = XCSwiftPackageProductDependency;
			package = 39E32F002C84AD4500FEB4D9 /* XCRemoteSwiftPackageReference "firebase-ios-sdk" */;
			productName = FirebaseCrashlytics;
		};
		39E32F052C84AD4500FEB4D9 /* FirebaseDatabase */ = {
			isa = XCSwiftPackageProductDependency;
			package = 39E32F002C84AD4500FEB4D9 /* XCRemoteSwiftPackageReference "firebase-ios-sdk" */;
			productName = FirebaseDatabase;
		};
		39E32F072C84AD4500FEB4D9 /* FirebaseFirestore */ = {
			isa = XCSwiftPackageProductDependency;
			package = 39E32F002C84AD4500FEB4D9 /* XCRemoteSwiftPackageReference "firebase-ios-sdk" */;
			productName = FirebaseFirestore;
		};
/* End XCSwiftPackageProductDependency section */
	};
	rootObject = 39E32EBC2C8269B400FEB4D9 /* Project object */;
}
